
Microsoft Visual Studio Solution File, Format Version 12.00
# Visual Studio Version 16
VisualStudioVersion = 16.0.31515.178
MinimumVisualStudioVersion = 10.0.40219.1
Project("{FAE04EC0-301F-11D3-BF4B-00C04F79EFBC}") = "MarsRoverProject", "MarsRoverProject\MarsRoverProject.csproj", "{244153B9-BCB1-4743-B1BE-662E252611CE}"
EndProject
Project("{FAE04EC0-301F-11D3-BF4B-00C04F79EFBC}") = "MarsRoverTest", "MarsRoverTest\MarsRoverTest.csproj", "{AD4A6038-E700-4F0C-B7E9-8DF6E628B9EB}"
EndProject
Global
	GlobalSection(SolutionConfigurationPlatforms) = preSolution
		Debug|Any CPU = Debug|Any CPU
		Release|Any CPU = Release|Any CPU
	EndGlobalSection
	GlobalSection(ProjectConfigurationPlatforms) = postSolution
		{244153B9-BCB1-4743-B1BE-662E252611CE}.Debug|Any CPU.ActiveCfg = Debug|Any CPU
		{244153B9-BCB1-4743-B1BE-662E252611CE}.Debug|Any CPU.Build.0 = Debug|Any CPU
		{244153B9-BCB1-4743-B1BE-662E252611CE}.Release|Any CPU.ActiveCfg = Release|Any CPU
		{244153B9-BCB1-4743-B1BE-662E252611CE}.Release|Any CPU.Build.0 = Release|Any CPU
		{AD4A6038-E700-4F0C-B7E9-8DF6E628B9EB}.Debug|Any CPU.ActiveCfg = Debug|Any CPU
		{AD4A6038-E700-4F0C-B7E9-8DF6E628B9EB}.Debug|Any CPU.Build.0 = Debug|Any CPU
		{AD4A6038-E700-4F0C-B7E9-8DF6E628B9EB}.Release|Any CPU.ActiveCfg = Release|Any CPU
		{AD4A6038-E700-4F0C-B7E9-8DF6E628B9EB}.Release|Any CPU.Build.0 = Release|Any CPU
	EndGlobalSection
	GlobalSection(SolutionProperties) = preSolution
		HideSolutionNode = FALSE
	EndGlobalSection
	GlobalSection(ExtensibilityGlobals) = postSolution
		SolutionGuid = {741F5D76-992F-4495-81EB-CF4C519387BF}
	EndGlobalSection
EndGlobal
